
Microsoft Visual Studio Solution File, Format Version 12.00
# Visual Studio 15
VisualStudioVersion = 15.0.28307.136
MinimumVisualStudioVersion = 10.0.40219.1
Project("{FAE04EC0-301F-11D3-BF4B-00C04F79EFBC}") = "ECommerce", "ECommerce\ECommerce.csproj", "{274964FD-1223-4FB8-817D-45FAFEFAB0BF}"
EndProject
Project("{2150E333-8FDC-42A3-9474-1A3956D46DE8}") = "src", "src", "{E68D4233-717D-4977-91A0-897FDE00D4CD}"
EndProject
Project("{2150E333-8FDC-42A3-9474-1A3956D46DE8}") = "tests", "tests", "{991390B1-EB1C-4A9F-9F3E-DCF10934DCEB}"
EndProject
Project("{FAE04EC0-301F-11D3-BF4B-00C04F79EFBC}") = "ECommerce.UnitTests", "NUnitTestProject1\ECommerce.UnitTests.csproj", "{60E8412C-CE72-4F46-A253-2B60A9C8039A}"
EndProject
Global
	GlobalSection(SolutionConfigurationPlatforms) = preSolution
		Debug|Any CPU = Debug|Any CPU
		Release|Any CPU = Release|Any CPU
	EndGlobalSection
	GlobalSection(ProjectConfigurationPlatforms) = postSolution
		{274964FD-1223-4FB8-817D-45FAFEFAB0BF}.Debug|Any CPU.ActiveCfg = Debug|Any CPU
		{274964FD-1223-4FB8-817D-45FAFEFAB0BF}.Debug|Any CPU.Build.0 = Debug|Any CPU
		{274964FD-1223-4FB8-817D-45FAFEFAB0BF}.Release|Any CPU.ActiveCfg = Release|Any CPU
		{274964FD-1223-4FB8-817D-45FAFEFAB0BF}.Release|Any CPU.Build.0 = Release|Any CPU
		{60E8412C-CE72-4F46-A253-2B60A9C8039A}.Debug|Any CPU.ActiveCfg = Debug|Any CPU
		{60E8412C-CE72-4F46-A253-2B60A9C8039A}.Debug|Any CPU.Build.0 = Debug|Any CPU
		{60E8412C-CE72-4F46-A253-2B60A9C8039A}.Release|Any CPU.ActiveCfg = Release|Any CPU
		{60E8412C-CE72-4F46-A253-2B60A9C8039A}.Release|Any CPU.Build.0 = Release|Any CPU
	EndGlobalSection
	GlobalSection(SolutionProperties) = preSolution
		HideSolutionNode = FALSE
	EndGlobalSection
	GlobalSection(NestedProjects) = preSolution
		{274964FD-1223-4FB8-817D-45FAFEFAB0BF} = {E68D4233-717D-4977-91A0-897FDE00D4CD}
		{60E8412C-CE72-4F46-A253-2B60A9C8039A} = {991390B1-EB1C-4A9F-9F3E-DCF10934DCEB}
	EndGlobalSection
	GlobalSection(ExtensibilityGlobals) = postSolution
		SolutionGuid = {ED338D2B-97CC-4362-A194-3F88D77C14AE}
	EndGlobalSection
EndGlobal
